# THIS IS AN AUTOGENERATED FILE. DO NOT EDIT THIS FILE DIRECTLY.
# yarn lockfile v1


wx-biz-data-crypt@^1.0.0:
  version "1.0.0"
  resolved "https://registry.yarnpkg.com/wx-biz-data-crypt/-/wx-biz-data-crypt-1.0.0.tgz#dd38bf8c5fa1e699790fff6e3119a4f930776158"
  integrity sha512-v99+7un88/SnSeHAGGI3uAtTd0sEejvVwsZNywuVxvfO2fCEVGVOAVNcljKwBcK7jJlfgpFA96gKeDaZob5vmg==
